
Microsoft Visual Studio Solution File, Format Version 12.00
# Visual Studio Version 17
VisualStudioVersion = 17.5.33414.496
MinimumVisualStudioVersion = 10.0.40219.1
Project("{FAE04EC0-301F-11D3-BF4B-00C04F79EFBC}") = "Prasitestavimui", "Prasitestavimui\Prasitestavimui.csproj", "{78D6B7DD-6DE5-4870-B918-8605E595F501}"
EndProject
Global
	GlobalSection(SolutionConfigurationPlatforms) = preSolution
		Debug|Any CPU = Debug|Any CPU
		Release|Any CPU = Release|Any CPU
	EndGlobalSection
	GlobalSection(ProjectConfigurationPlatforms) = postSolution
		{78D6B7DD-6DE5-4870-B918-8605E595F501}.Debug|Any CPU.ActiveCfg = Debug|Any CPU
		{78D6B7DD-6DE5-4870-B918-8605E595F501}.Debug|Any CPU.Build.0 = Debug|Any CPU
		{78D6B7DD-6DE5-4870-B918-8605E595F501}.Release|Any CPU.ActiveCfg = Release|Any CPU
		{78D6B7DD-6DE5-4870-B918-8605E595F501}.Release|Any CPU.Build.0 = Release|Any CPU
	EndGlobalSection
	GlobalSection(SolutionProperties) = preSolution
		HideSolutionNode = FALSE
	EndGlobalSection
	GlobalSection(ExtensibilityGlobals) = postSolution
		SolutionGuid = {95AD3140-B1A1-443C-A2B6-BEA477215362}
	EndGlobalSection
EndGlobal
